
Microsoft Visual Studio Solution File, Format Version 12.00
# Visual Studio Version 16
VisualStudioVersion = 16.0.30104.148
MinimumVisualStudioVersion = 10.0.40219.1
Project("{FAE04EC0-301F-11D3-BF4B-00C04F79EFBC}") = "MasterProjekt", "test5\MasterProjekt.csproj", "{77197538-5816-43EE-A305-9C07C3D09A12}"
EndProject
Global
	GlobalSection(SolutionConfigurationPlatforms) = preSolution
		Debug|Any CPU = Debug|Any CPU
		Release|Any CPU = Release|Any CPU
	EndGlobalSection
	GlobalSection(ProjectConfigurationPlatforms) = postSolution
		{77197538-5816-43EE-A305-9C07C3D09A12}.Debug|Any CPU.ActiveCfg = Debug|Any CPU
		{77197538-5816-43EE-A305-9C07C3D09A12}.Debug|Any CPU.Build.0 = Debug|Any CPU
		{77197538-5816-43EE-A305-9C07C3D09A12}.Release|Any CPU.ActiveCfg = Release|Any CPU
		{77197538-5816-43EE-A305-9C07C3D09A12}.Release|Any CPU.Build.0 = Release|Any CPU
	EndGlobalSection
	GlobalSection(SolutionProperties) = preSolution
		HideSolutionNode = FALSE
	EndGlobalSection
	GlobalSection(ExtensibilityGlobals) = postSolution
		SolutionGuid = {89026D7D-00A6-4F40-8BB2-3683081CEBD1}
	EndGlobalSection
EndGlobal
